{
  "name": "ploobia",
  "lockfileVersion": 3,
  "requires": true,
  "packages": {
    "": {
      "name": "ploobia",
      "devDependencies": {
        "playwright": "^1.49.0"
      },
      "engines": {
        "node": ">=20"
      }
    },
    "../../../home/claude/.npm-global/lib/node_modules/playwright": {
      "version": "1.56.0",
      "dev": true,
      "license": "Apache-2.0",
      "dependencies": {
        "playwright-core": "1.56.0"
      },
      "bin": {
        "playwright": "cli.js"
      },
      "engines": {
        "node": ">=18"
      },
      "optionalDependencies": {
        "fsevents": "2.3.2"
      }
    },
    "../../../home/claude/.npm-global/lib/node_modules/playwright/node_modules/playwright-core": {
      "version": "1.56.0",
      "dev": true,
      "license": "Apache-2.0",
      "bin": {
        "playwright-core": "cli.js"
      },
      "engines": {
        "node": ">=18"
      }
    },
    "node_modules/playwright": {
      "resolved": "../../../home/claude/.npm-global/lib/node_modules/playwright",
      "link": true
    }
  }
}
